
Microsoft Visual Studio Solution File, Format Version 12.00
# Visual Studio Version 17
VisualStudioVersion = 17.14.36511.14 d17.14
MinimumVisualStudioVersion = 10.0.40219.1
Project("{8BC9CEB8-8B4A-11D0-8D11-00A0C91BC942}") = "C1", "C1.vcxproj", "{DD1B7FF2-C523-43A4-ACCC-46E40BE0C687}"
EndProject
Global
	GlobalSection(SolutionConfigurationPlatforms) = preSolution
		Debug|x64 = Debug|x64
		Debug|x86 = Debug|x86
		Release|x64 = Release|x64
		Release|x86 = Release|x86
	EndGlobalSection
	GlobalSection(ProjectConfigurationPlatforms) = postSolution
		{DD1B7FF2-C523-43A4-ACCC-46E40BE0C687}.Debug|x64.ActiveCfg = Debug|x64
		{DD1B7FF2-C523-43A4-ACCC-46E40BE0C687}.Debug|x64.Build.0 = Debug|x64
		{DD1B7FF2-C523-43A4-ACCC-46E40BE0C687}.Debug|x86.ActiveCfg = Debug|Win32
		{DD1B7FF2-C523-43A4-ACCC-46E40BE0C687}.Debug|x86.Build.0 = Debug|Win32
		{DD1B7FF2-C523-43A4-ACCC-46E40BE0C687}.Release|x64.ActiveCfg = Release|x64
		{DD1B7FF2-C523-43A4-ACCC-46E40BE0C687}.Release|x64.Build.0 = Release|x64
		{DD1B7FF2-C523-43A4-ACCC-46E40BE0C687}.Release|x86.ActiveCfg = Release|Win32
		{DD1B7FF2-C523-43A4-ACCC-46E40BE0C687}.Release|x86.Build.0 = Release|Win32
	EndGlobalSection
	GlobalSection(SolutionProperties) = preSolution
		HideSolutionNode = FALSE
	EndGlobalSection
	GlobalSection(ExtensibilityGlobals) = postSolution
		SolutionGuid = {FC8538A1-86EF-464A-B0E3-E64BA554A18E}
	EndGlobalSection
EndGlobal
